
Microsoft Visual Studio Solution File, Format Version 12.00
# Visual Studio Version 17
VisualStudioVersion = 17.4.33213.308
MinimumVisualStudioVersion = 10.0.40219.1
Project("{FAE04EC0-301F-11D3-BF4B-00C04F79EFBC}") = "QL_ThuVien", "QL_ThuVien\QL_ThuVien.csproj", "{3E1F7919-5C39-40B9-856B-35D9FEFB6B1B}"
EndProject
Global
	GlobalSection(SolutionConfigurationPlatforms) = preSolution
		Debug|Any CPU = Debug|Any CPU
		Release|Any CPU = Release|Any CPU
	EndGlobalSection
	GlobalSection(ProjectConfigurationPlatforms) = postSolution
		{3E1F7919-5C39-40B9-856B-35D9FEFB6B1B}.Debug|Any CPU.ActiveCfg = Debug|Any CPU
		{3E1F7919-5C39-40B9-856B-35D9FEFB6B1B}.Debug|Any CPU.Build.0 = Debug|Any CPU
		{3E1F7919-5C39-40B9-856B-35D9FEFB6B1B}.Release|Any CPU.ActiveCfg = Release|Any CPU
		{3E1F7919-5C39-40B9-856B-35D9FEFB6B1B}.Release|Any CPU.Build.0 = Release|Any CPU
	EndGlobalSection
	GlobalSection(SolutionProperties) = preSolution
		HideSolutionNode = FALSE
	EndGlobalSection
	GlobalSection(ExtensibilityGlobals) = postSolution
		SolutionGuid = {7E56F4B7-02EB-4B24-A94B-61047548410F}
	EndGlobalSection
EndGlobal
